// !$*UTF8*$!
{
	archiveVersion = 1;
	classes = {
	};
	objectVersion = 50;
	objects = {

/* Begin PBXBuildFile section */
		95BAFCDA295992C80074915B /* hidesysCall.m in Sources */ = {isa = PBXBuildFile; fileRef = 95BAFCD9295992C80074915B /* hidesysCall.m */; };
		D2E5BBFE20A8D78F009473A3 /* AppDelegate.m in Sources */ = {isa = PBXBuildFile; fileRef = D2E5BBFD20A8D78F009473A3 /* AppDelegate.m */; };
		D2E5BC0120A8D78F009473A3 /* ViewController.m in Sources */ = {isa = PBXBuildFile; fileRef = D2E5BC0020A8D78F009473A3 /* ViewController.m */; };
		D2E5BC0420A8D78F009473A3 /* Main.storyboard in Resources */ = {isa = PBXBuildFile; fileRef = D2E5BC0220A8D78F009473A3 /* Main.storyboard */; };
		D2E5BC0920A8D793009473A3 /* Assets.xcassets in Resources */ = {isa = PBXBuildFile; fileRef = D2E5BC0820A8D793009473A3 /* Assets.xcassets */; };
		D2E5BC0C20A8D793009473A3 /* LaunchScreen.storyboard in Resources */ = {isa = PBXBuildFile; fileRef = D2E5BC0A20A8D793009473A3 /* LaunchScreen.storyboard */; };
		D2E5BC0F20A8D793009473A3 /* main.m in Sources */ = {isa = PBXBuildFile; fileRef = D2E5BC0E20A8D793009473A3 /* main.m */; };
		D2E5BC2920AB0B11009473A3 /* syscall_tracer.m in Sources */ = {isa = PBXBuildFile; fileRef = D2E5BC2820AB0B11009473A3 /* syscall_tracer.m */; };
/* End PBXBuildFile section */

/* Begin PBXFileReference section */
		95BAFCD529598EFC0074915B /* hidesysCall.h */ = {isa = PBXFileReference; lastKnownFileType = sourcecode.c.h; path = hidesysCall.h; sourceTree = "<group>"; };
		95BAFCD9295992C80074915B /* hidesysCall.m */ = {isa = PBXFileReference; lastKnownFileType = sourcecode.c.objc; path = hidesysCall.m; sourceTree = "<group>"; };
		D2E5BBF920A8D78F009473A3 /* syscall-tracer.app */ = {isa = PBXFileReference; explicitFileType = wrapper.application; includeInIndex = 0; path = "syscall-tracer.app"; sourceTree = BUILT_PRODUCTS_DIR; };
		D2E5BBFC20A8D78F009473A3 /* AppDelegate.h */ = {isa = PBXFileReference; lastKnownFileType = sourcecode.c.h; path = AppDelegate.h; sourceTree = "<group>"; };
		D2E5BBFD20A8D78F009473A3 /* AppDelegate.m */ = {isa = PBXFileReference; lastKnownFileType = sourcecode.c.objc; path = AppDelegate.m; sourceTree = "<group>"; };
		D2E5BBFF20A8D78F009473A3 /* ViewController.h */ = {isa = PBXFileReference; lastKnownFileType = sourcecode.c.h; path = ViewController.h; sourceTree = "<group>"; };
		D2E5BC0020A8D78F009473A3 /* ViewController.m */ = {isa = PBXFileReference; lastKnownFileType = sourcecode.c.objc; path = ViewController.m; sourceTree = "<group>"; };
		D2E5BC0320A8D78F009473A3 /* Base */ = {isa = PBXFileReference; lastKnownFileType = file.storyboard; name = Base; path = Base.lproj/Main.storyboard; sourceTree = "<group>"; };
		D2E5BC0820A8D793009473A3 /* Assets.xcassets */ = {isa = PBXFileReference; lastKnownFileType = folder.assetcatalog; path = Assets.xcassets; sourceTree = "<group>"; };
		D2E5BC0B20A8D793009473A3 /* Base */ = {isa = PBXFileReference; lastKnownFileType = file.storyboard; name = Base; path = Base.lproj/LaunchScreen.storyboard; sourceTree = "<group>"; };
		D2E5BC0D20A8D793009473A3 /* Info.plist */ = {isa = PBXFileReference; lastKnownFileType = text.plist.xml; path = Info.plist; sourceTree = "<group>"; };
		D2E5BC0E20A8D793009473A3 /* main.m */ = {isa = PBXFileReference; lastKnownFileType = sourcecode.c.objc; path = main.m; sourceTree = "<group>"; };
		D2E5BC2820AB0B11009473A3 /* syscall_tracer.m */ = {isa = PBXFileReference; lastKnownFileType = sourcecode.c.objc; path = syscall_tracer.m; sourceTree = "<group>"; };
/* End PBXFileReference section */

/* Begin PBXFrameworksBuildPhase section */
		D2E5BBF620A8D78F009473A3 /* Frameworks */ = {
			isa = PBXFrameworksBuildPhase;
			buildActionMask = 2147483647;
			files = (
			);
			runOnlyForDeploymentPostprocessing = 0;
		};
/* End PBXFrameworksBuildPhase section */

/* Begin PBXGroup section */
		D2E5BBF020A8D78E009473A3 = {
			isa = PBXGroup;
			children = (
				D2E5BBFB20A8D78F009473A3 /* syscall-tracer */,
				D2E5BBFA20A8D78F009473A3 /* Products */,
			);
			sourceTree = "<group>";
		};
		D2E5BBFA20A8D78F009473A3 /* Products */ = {
			isa = PBXGroup;
			children = (
				D2E5BBF920A8D78F009473A3 /* syscall-tracer.app */,
			);
			name = Products;
			sourceTree = "<group>";
		};
		D2E5BBFB20A8D78F009473A3 /* syscall-tracer */ = {
			isa = PBXGroup;
			children = (
				D2E5BBFC20A8D78F009473A3 /* AppDelegate.h */,
				95BAFCD9295992C80074915B /* hidesysCall.m */,
				D2E5BBFD20A8D78F009473A3 /* AppDelegate.m */,
				D2E5BBFF20A8D78F009473A3 /* ViewController.h */,
				D2E5BC0020A8D78F009473A3 /* ViewController.m */,
				D2E5BC0220A8D78F009473A3 /* Main.storyboard */,
				D2E5BC0820A8D793009473A3 /* Assets.xcassets */,
				D2E5BC0A20A8D793009473A3 /* LaunchScreen.storyboard */,
				D2E5BC0D20A8D793009473A3 /* Info.plist */,
				D2E5BC0E20A8D793009473A3 /* main.m */,
				D2E5BC2820AB0B11009473A3 /* syscall_tracer.m */,
				95BAFCD529598EFC0074915B /* hidesysCall.h */,
			);
			path = "syscall-tracer";
			sourceTree = "<group>";
		};
/* End PBXGroup section */

/* Begin PBXNativeTarget section */
		D2E5BBF820A8D78F009473A3 /* syscall-tracer */ = {
			isa = PBXNativeTarget;
			buildConfigurationList = D2E5BC1220A8D793009473A3 /* Build configuration list for PBXNativeTarget "syscall-tracer" */;
			buildPhases = (
				D2E5BBF520A8D78F009473A3 /* Sources */,
				D2E5BBF620A8D78F009473A3 /* Frameworks */,
				D2E5BBF720A8D78F009473A3 /* Resources */,
			);
			buildRules = (
			);
			dependencies = (
			);
			name = "syscall-tracer";
			productName = "syscall-tracer";
			productReference = D2E5BBF920A8D78F009473A3 /* syscall-tracer.app */;
			productType = "com.apple.product-type.application";
		};
/* End PBXNativeTarget section */

/* Begin PBXProject section */
		D2E5BBF120A8D78E009473A3 /* Project object */ = {
			isa = PBXProject;
			attributes = {
				LastUpgradeCheck = 0930;
				ORGANIZATIONNAME = Teller;
				TargetAttributes = {
					D2E5BBF820A8D78F009473A3 = {
						CreatedOnToolsVersion = 9.3;
					};
				};
			};
			buildConfigurationList = D2E5BBF420A8D78E009473A3 /* Build configuration list for PBXProject "syscall-tracer" */;
			compatibilityVersion = "Xcode 9.3";
			developmentRegion = en;
			hasScannedForEncodings = 0;
			knownRegions = (
				en,
				Base,
			);
			mainGroup = D2E5BBF020A8D78E009473A3;
			productRefGroup = D2E5BBFA20A8D78F009473A3 /* Products */;
			projectDirPath = "";
			projectRoot = "";
			targets = (
				D2E5BBF820A8D78F009473A3 /* syscall-tracer */,
			);
		};
/* End PBXProject section */

/* Begin PBXResourcesBuildPhase section */
		D2E5BBF720A8D78F009473A3 /* Resources */ = {
			isa = PBXResourcesBuildPhase;
			buildActionMask = 2147483647;
			files = (
				D2E5BC0C20A8D793009473A3 /* LaunchScreen.storyboard in Resources */,
				D2E5BC0920A8D793009473A3 /* Assets.xcassets in Resources */,
				D2E5BC0420A8D78F009473A3 /* Main.storyboard in Resources */,
			);
			runOnlyForDeploymentPostprocessing = 0;
		};
/* End PBXResourcesBuildPhase section */

/* Begin PBXSourcesBuildPhase section */
		D2E5BBF520A8D78F009473A3 /* Sources */ = {
			isa = PBXSourcesBuildPhase;
			buildActionMask = 2147483647;
			files = (
				95BAFCDA295992C80074915B /* hidesysCall.m in Sources */,
				D2E5BC2920AB0B11009473A3 /* syscall_tracer.m in Sources */,
				D2E5BC0120A8D78F009473A3 /* ViewController.m in Sources */,
				D2E5BC0F20A8D793009473A3 /* main.m in Sources */,
				D2E5BBFE20A8D78F009473A3 /* AppDelegate.m in Sources */,
			);
			runOnlyForDeploymentPostprocessing = 0;
		};
/* End PBXSourcesBuildPhase section */

/* Begin PBXVariantGroup section */
		D2E5BC0220A8D78F009473A3 /* Main.storyboard */ = {
			isa = PBXVariantGroup;
			children = (
				D2E5BC0320A8D78F009473A3 /* Base */,
			);
			name = Main.storyboard;
			sourceTree = "<group>";
		};
		D2E5BC0A20A8D793009473A3 /* LaunchScreen.storyboard */ = {
			isa = PBXVariantGroup;
			children = (
				D2E5BC0B20A8D793009473A3 /* Base */,
			);
			name = LaunchScreen.storyboard;
			sourceTree = "<group>";
		};
/* End PBXVariantGroup section */

/* Begin XCBuildConfiguration section */
		D2E5BC1020A8D793009473A3 /* Debug */ = {
			isa = XCBuildConfiguration;
			buildSettings = {
				ALWAYS_SEARCH_USER_PATHS = NO;
				CLANG_ANALYZER_NONNULL = YES;
				CLANG_ANALYZER_NUMBER_OBJECT_CONVERSION = YES_AGGRESSIVE;
				CLANG_CXX_LANGUAGE_STANDARD = "gnu++14";
				CLANG_CXX_LIBRARY = "libc++";
				CLANG_ENABLE_MODULES = YES;
				CLANG_ENABLE_OBJC_ARC = YES;
				CLANG_ENABLE_OBJC_WEAK = YES;
				CLANG_WARN_BLOCK_CAPTURE_AUTORELEASING = YES;
				CLANG_WARN_BOOL_CONVERSION = YES;
				CLANG_WARN_COMMA = YES;
				CLANG_WARN_CONSTANT_CONVERSION = YES;
				CLANG_WARN_DEPRECATED_OBJC_IMPLEMENTATIONS = YES;
				CLANG_WARN_DIRECT_OBJC_ISA_USAGE = YES_ERROR;
				CLANG_WARN_DOCUMENTATION_COMMENTS = YES;
				CLANG_WARN_EMPTY_BODY = YES;
				CLANG_WARN_ENUM_CONVERSION = YES;
				CLANG_WARN_INFINITE_RECURSION = YES;
				CLANG_WARN_INT_CONVERSION = YES;
				CLANG_WARN_NON_LITERAL_NULL_CONVERSION = YES;
				CLANG_WARN_OBJC_IMPLICIT_RETAIN_SELF = YES;
				CLANG_WARN_OBJC_LITERAL_CONVERSION = YES;
				CLANG_WARN_OBJC_ROOT_CLASS = YES_ERROR;
				CLANG_WARN_RANGE_LOOP_ANALYSIS = YES;
				CLANG_WARN_STRICT_PROTOTYPES = YES;
				CLANG_WARN_SUSPICIOUS_MOVE = YES;
				CLANG_WARN_UNGUARDED_AVAILABILITY = YES_AGGRESSIVE;
				CLANG_WARN_UNREACHABLE_CODE = YES;
				CLANG_WARN__DUPLICATE_METHOD_MATCH = YES;
				CODE_SIGN_IDENTITY = "iPhone Developer";
				COPY_PHASE_STRIP = NO;
				DEBUG_INFORMATION_FORMAT = dwarf;
				ENABLE_STRICT_OBJC_MSGSEND = YES;
				ENABLE_TESTABILITY = YES;
				GCC_C_LANGUAGE_STANDARD = gnu11;
				GCC_DYNAMIC_NO_PIC = NO;
				GCC_NO_COMMON_BLOCKS = YES;
				GCC_OPTIMIZATION_LEVEL = 0;
				GCC_PREPROCESSOR_DEFINITIONS = (
					"DEBUG=1",
					"$(inherited)",
				);
				GCC_WARN_64_TO_32_BIT_CONVERSION = YES;
				GCC_WARN_ABOUT_RETURN_TYPE = YES_ERROR;
				GCC_WARN_UNDECLARED_SELECTOR = YES;
				GCC_WARN_UNINITIALIZED_AUTOS = YES_AGGRESSIVE;
				GCC_WARN_UNUSED_FUNCTION = YES;
				GCC_WARN_UNUSED_VARIABLE = YES;
				IPHONEOS_DEPLOYMENT_TARGET = 11.3;
				MTL_ENABLE_DEBUG_INFO = YES;
				ONLY_ACTIVE_ARCH = YES;
				SDKROOT = iphoneos;
			};
			name = Debug;
		};
		D2E5BC1120A8D793009473A3 /* Release */ = {
			isa = XCBuildConfiguration;
			buildSettings = {
				ALWAYS_SEARCH_USER_PATHS = NO;
				CLANG_ANALYZER_NONNULL = YES;
				CLANG_ANALYZER_NUMBER_OBJECT_CONVERSION = YES_AGGRESSIVE;
				CLANG_CXX_LANGUAGE_STANDARD = "gnu++14";
				CLANG_CXX_LIBRARY = "libc++";
				CLANG_ENABLE_MODULES = YES;
				CLANG_ENABLE_OBJC_ARC = YES;
				CLANG_ENABLE_OBJC_WEAK = YES;
				CLANG_WARN_BLOCK_CAPTURE_AUTORELEASING = YES;
				CLANG_WARN_BOOL_CONVERSION = YES;
				CLANG_WARN_COMMA = YES;
				CLANG_WARN_CONSTANT_CONVERSION = YES;
				CLANG_WARN_DEPRECATED_OBJC_IMPLEMENTATIONS = YES;
				CLANG_WARN_DIRECT_OBJC_ISA_USAGE = YES_ERROR;
				CLANG_WARN_DOCUMENTATION_COMMENTS = YES;
				CLANG_WARN_EMPTY_BODY = YES;
				CLANG_WARN_ENUM_CONVERSION = YES;
				CLANG_WARN_INFINITE_RECURSION = YES;
				CLANG_WARN_INT_CONVERSION = YES;
				CLANG_WARN_NON_LITERAL_NULL_CONVERSION = YES;
				CLANG_WARN_OBJC_IMPLICIT_RETAIN_SELF = YES;
				CLANG_WARN_OBJC_LITERAL_CONVERSION = YES;
				CLANG_WARN_OBJC_ROOT_CLASS = YES_ERROR;
				CLANG_WARN_RANGE_LOOP_ANALYSIS = YES;
				CLANG_WARN_STRICT_PROTOTYPES = YES;
				CLANG_WARN_SUSPICIOUS_MOVE = YES;
				CLANG_WARN_UNGUARDED_AVAILABILITY = YES_AGGRESSIVE;
				CLANG_WARN_UNREACHABLE_CODE = YES;
				CLANG_WARN__DUPLICATE_METHOD_MATCH = YES;
				CODE_SIGN_IDENTITY = "iPhone Developer";
				COPY_PHASE_STRIP = NO;
				DEBUG_INFORMATION_FORMAT = "dwarf-with-dsym";
				ENABLE_NS_ASSERTIONS = NO;
				ENABLE_STRICT_OBJC_MSGSEND = YES;
				GCC_C_LANGUAGE_STANDARD = gnu11;
				GCC_NO_COMMON_BLOCKS = YES;
				GCC_WARN_64_TO_32_BIT_CONVERSION = YES;
				GCC_WARN_ABOUT_RETURN_TYPE = YES_ERROR;
				GCC_WARN_UNDECLARED_SELECTOR = YES;
				GCC_WARN_UNINITIALIZED_AUTOS = YES_AGGRESSIVE;
				GCC_WARN_UNUSED_FUNCTION = YES;
				GCC_WARN_UNUSED_VARIABLE = YES;
				IPHONEOS_DEPLOYMENT_TARGET = 11.3;
				MTL_ENABLE_DEBUG_INFO = NO;
				SDKROOT = iphoneos;
				VALIDATE_PRODUCT = YES;
			};
			name = Release;
		};
		D2E5BC1320A8D793009473A3 /* Debug */ = {
			isa = XCBuildConfiguration;
			buildSettings = {
				ASSETCATALOG_COMPILER_APPICON_NAME = AppIcon;
				CODE_SIGN_STYLE = Automatic;
				DEVELOPMENT_TEAM = 2C7UVKH27Z;
				INFOPLIST_FILE = "syscall-tracer/Info.plist";
				IPHONEOS_DEPLOYMENT_TARGET = 9.3;
				LD_RUNPATH_SEARCH_PATHS = (
					"$(inherited)",
					"@executable_path/Frameworks",
				);
				PRODUCT_BUNDLE_IDENTIFIER = AlipayWallet.app;
				PRODUCT_NAME = "$(TARGET_NAME)";
				TARGETED_DEVICE_FAMILY = "1,2";
			};
			name = Debug;
		};
		D2E5BC1420A8D793009473A3 /* Release */ = {
			isa = XCBuildConfiguration;
			buildSettings = {
				ASSETCATALOG_COMPILER_APPICON_NAME = AppIcon;
				CODE_SIGN_STYLE = Automatic;
				DEVELOPMENT_TEAM = 2C7UVKH27Z;
				INFOPLIST_FILE = "syscall-tracer/Info.plist";
				IPHONEOS_DEPLOYMENT_TARGET = 9.3;
				LD_RUNPATH_SEARCH_PATHS = (
					"$(inherited)",
					"@executable_path/Frameworks",
				);
				PRODUCT_BUNDLE_IDENTIFIER = AlipayWallet.app;
				PRODUCT_NAME = "$(TARGET_NAME)";
				TARGETED_DEVICE_FAMILY = "1,2";
			};
			name = Release;
		};
/* End XCBuildConfiguration section */

/* Begin XCConfigurationList section */
		D2E5BBF420A8D78E009473A3 /* Build configuration list for PBXProject "syscall-tracer" */ = {
			isa = XCConfigurationList;
			buildConfigurations = (
				D2E5BC1020A8D793009473A3 /* Debug */,
				D2E5BC1120A8D793009473A3 /* Release */,
			);
			defaultConfigurationIsVisible = 0;
			defaultConfigurationName = Release;
		};
		D2E5BC1220A8D793009473A3 /* Build configuration list for PBXNativeTarget "syscall-tracer" */ = {
			isa = XCConfigurationList;
			buildConfigurations = (
				D2E5BC1320A8D793009473A3 /* Debug */,
				D2E5BC1420A8D793009473A3 /* Release */,
			);
			defaultConfigurationIsVisible = 0;
			defaultConfigurationName = Release;
		};
/* End XCConfigurationList section */
	};
	rootObject = D2E5BBF120A8D78E009473A3 /* Project object */;
}
